
Microsoft Visual Studio Solution File, Format Version 12.00
# Visual Studio Version 17
VisualStudioVersion = 17.14.36705.20
MinimumVisualStudioVersion = 10.0.40219.1
Project("{FAE04EC0-301F-11D3-BF4B-00C04F79EFBC}") = "AndoW Player", "AndoW_Player\AndoW Player.csproj", "{D8609F9F-C4E8-4B44-93BE-454C46F4690D}"
EndProject
Project("{FAE04EC0-301F-11D3-BF4B-00C04F79EFBC}") = "ConfigPlayer", "ConfigPlayer\ConfigPlayer.csproj", "{D17CE89C-2EC2-46EB-8CF1-E2EC8B38AF23}"
EndProject
Project("{FAE04EC0-301F-11D3-BF4B-00C04F79EFBC}") = "Mpv.NET", "Mpv.NET\Mpv.NET.csproj", "{B29A6DAA-CB3E-93C7-52D0-AA7F0A53787B}"
EndProject
Global
	GlobalSection(SolutionConfigurationPlatforms) = preSolution
		Debug|Any CPU = Debug|Any CPU
		Debug|x64 = Debug|x64
		Release|Any CPU = Release|Any CPU
		Release|x64 = Release|x64
	EndGlobalSection
	GlobalSection(ProjectConfigurationPlatforms) = postSolution
		{D8609F9F-C4E8-4B44-93BE-454C46F4690D}.Debug|Any CPU.ActiveCfg = Debug|Any CPU
		{D8609F9F-C4E8-4B44-93BE-454C46F4690D}.Debug|Any CPU.Build.0 = Debug|Any CPU
		{D8609F9F-C4E8-4B44-93BE-454C46F4690D}.Debug|x64.ActiveCfg = Debug|x64
		{D8609F9F-C4E8-4B44-93BE-454C46F4690D}.Debug|x64.Build.0 = Debug|x64
		{D8609F9F-C4E8-4B44-93BE-454C46F4690D}.Release|Any CPU.ActiveCfg = Release|Any CPU
		{D8609F9F-C4E8-4B44-93BE-454C46F4690D}.Release|Any CPU.Build.0 = Release|Any CPU
		{D8609F9F-C4E8-4B44-93BE-454C46F4690D}.Release|x64.ActiveCfg = Release|x64
		{D8609F9F-C4E8-4B44-93BE-454C46F4690D}.Release|x64.Build.0 = Release|x64
		{D17CE89C-2EC2-46EB-8CF1-E2EC8B38AF23}.Debug|Any CPU.ActiveCfg = Debug|Any CPU
		{D17CE89C-2EC2-46EB-8CF1-E2EC8B38AF23}.Debug|Any CPU.Build.0 = Debug|Any CPU
		{D17CE89C-2EC2-46EB-8CF1-E2EC8B38AF23}.Debug|x64.ActiveCfg = Debug|x64
		{D17CE89C-2EC2-46EB-8CF1-E2EC8B38AF23}.Debug|x64.Build.0 = Debug|x64
		{D17CE89C-2EC2-46EB-8CF1-E2EC8B38AF23}.Release|Any CPU.ActiveCfg = Release|Any CPU
		{D17CE89C-2EC2-46EB-8CF1-E2EC8B38AF23}.Release|Any CPU.Build.0 = Release|Any CPU
		{D17CE89C-2EC2-46EB-8CF1-E2EC8B38AF23}.Release|x64.ActiveCfg = Release|x64
		{D17CE89C-2EC2-46EB-8CF1-E2EC8B38AF23}.Release|x64.Build.0 = Release|x64
		{B29A6DAA-CB3E-93C7-52D0-AA7F0A53787B}.Debug|Any CPU.ActiveCfg = Debug|Any CPU
		{B29A6DAA-CB3E-93C7-52D0-AA7F0A53787B}.Debug|Any CPU.Build.0 = Debug|Any CPU
		{B29A6DAA-CB3E-93C7-52D0-AA7F0A53787B}.Debug|x64.ActiveCfg = Debug|x64
		{B29A6DAA-CB3E-93C7-52D0-AA7F0A53787B}.Debug|x64.Build.0 = Debug|x64
		{B29A6DAA-CB3E-93C7-52D0-AA7F0A53787B}.Release|Any CPU.ActiveCfg = Release|Any CPU
		{B29A6DAA-CB3E-93C7-52D0-AA7F0A53787B}.Release|Any CPU.Build.0 = Release|Any CPU
		{B29A6DAA-CB3E-93C7-52D0-AA7F0A53787B}.Release|x64.ActiveCfg = Release|x64
		{B29A6DAA-CB3E-93C7-52D0-AA7F0A53787B}.Release|x64.Build.0 = Release|x64
	EndGlobalSection
	GlobalSection(SolutionProperties) = preSolution
		HideSolutionNode = FALSE
	EndGlobalSection
	GlobalSection(ExtensibilityGlobals) = postSolution
		SolutionGuid = {4C61D273-D09C-4D2F-A811-B37B9256B172}
	EndGlobalSection
EndGlobal
