
Microsoft Visual Studio Solution File, Format Version 12.00
# Visual Studio Version 18
VisualStudioVersion = 18.0.11222.15 d18.0
MinimumVisualStudioVersion = 10.0.40219.1
Project("{FAE04EC0-301F-11D3-BF4B-00C04F79EFBC}") = "SignalR_Net472", "SignalR_Net472\SignalR_Net472.csproj", "{A2A636E4-95A8-FE87-5DA2-81B45AC9EC1D}"
EndProject
Global
	GlobalSection(SolutionConfigurationPlatforms) = preSolution
		Debug|Any CPU = Debug|Any CPU
		Debug|x64 = Debug|x64
		Release|Any CPU = Release|Any CPU
		Release|x64 = Release|x64
	EndGlobalSection
	GlobalSection(ProjectConfigurationPlatforms) = postSolution
		{A2A636E4-95A8-FE87-5DA2-81B45AC9EC1D}.Debug|Any CPU.ActiveCfg = Debug|Any CPU
		{A2A636E4-95A8-FE87-5DA2-81B45AC9EC1D}.Debug|Any CPU.Build.0 = Debug|Any CPU
		{A2A636E4-95A8-FE87-5DA2-81B45AC9EC1D}.Debug|x64.ActiveCfg = Debug|x64
		{A2A636E4-95A8-FE87-5DA2-81B45AC9EC1D}.Debug|x64.Build.0 = Debug|x64
		{A2A636E4-95A8-FE87-5DA2-81B45AC9EC1D}.Release|Any CPU.ActiveCfg = Release|Any CPU
		{A2A636E4-95A8-FE87-5DA2-81B45AC9EC1D}.Release|Any CPU.Build.0 = Release|Any CPU
		{A2A636E4-95A8-FE87-5DA2-81B45AC9EC1D}.Release|x64.ActiveCfg = Release|x64
		{A2A636E4-95A8-FE87-5DA2-81B45AC9EC1D}.Release|x64.Build.0 = Release|x64
	EndGlobalSection
	GlobalSection(SolutionProperties) = preSolution
		HideSolutionNode = FALSE
	EndGlobalSection
	GlobalSection(ExtensibilityGlobals) = postSolution
		SolutionGuid = {AEAB2BBF-29F9-4933-A67B-874B2ED53162}
	EndGlobalSection
EndGlobal
